
Microsoft Visual Studio Solution File, Format Version 12.00
# Visual Studio 2012
Project("{FAE04EC0-301F-11D3-BF4B-00C04F79EFBC}") = "LogstashForwarder.Log4Net.Appender", "LogstashForwarderAppender\LogstashForwarder.Log4Net.Appender.csproj", "{63A99793-6FF9-47E4-8BF9-84CFD9922DC4}"
EndProject
Project("{FAE04EC0-301F-11D3-BF4B-00C04F79EFBC}") = "LogstashForwarder.Core", "LogstashForwarder.Core\LogstashForwarder.Core.csproj", "{1C08E196-B074-47D0-9C9F-8A39C8DBB6F7}"
EndProject
Project("{FAE04EC0-301F-11D3-BF4B-00C04F79EFBC}") = "LogstashForwarder.Service", "LogstashForwarder.Service\LogstashForwarder.Service.csproj", "{E728F5F0-84D6-4A57-9A09-504D4ADF4636}"
EndProject
Project("{FAE04EC0-301F-11D3-BF4B-00C04F79EFBC}") = "LogstashForwarder.Core.Tests", "LogstashForwarder.Core.Tests\LogstashForwarder.Core.Tests.csproj", "{9D8DD347-4396-4ED2-8935-8EE71373F4D5}"
EndProject
Global
	GlobalSection(SolutionConfigurationPlatforms) = preSolution
		Debug|Any CPU = Debug|Any CPU
		Release|Any CPU = Release|Any CPU
	EndGlobalSection
	GlobalSection(ProjectConfigurationPlatforms) = postSolution
		{63A99793-6FF9-47E4-8BF9-84CFD9922DC4}.Debug|Any CPU.ActiveCfg = Debug|Any CPU
		{63A99793-6FF9-47E4-8BF9-84CFD9922DC4}.Debug|Any CPU.Build.0 = Debug|Any CPU
		{63A99793-6FF9-47E4-8BF9-84CFD9922DC4}.Release|Any CPU.ActiveCfg = Release|Any CPU
		{63A99793-6FF9-47E4-8BF9-84CFD9922DC4}.Release|Any CPU.Build.0 = Release|Any CPU
		{1C08E196-B074-47D0-9C9F-8A39C8DBB6F7}.Debug|Any CPU.ActiveCfg = Debug|Any CPU
		{1C08E196-B074-47D0-9C9F-8A39C8DBB6F7}.Debug|Any CPU.Build.0 = Debug|Any CPU
		{1C08E196-B074-47D0-9C9F-8A39C8DBB6F7}.Release|Any CPU.ActiveCfg = Release|Any CPU
		{1C08E196-B074-47D0-9C9F-8A39C8DBB6F7}.Release|Any CPU.Build.0 = Release|Any CPU
		{E728F5F0-84D6-4A57-9A09-504D4ADF4636}.Debug|Any CPU.ActiveCfg = Debug|Any CPU
		{E728F5F0-84D6-4A57-9A09-504D4ADF4636}.Debug|Any CPU.Build.0 = Debug|Any CPU
		{E728F5F0-84D6-4A57-9A09-504D4ADF4636}.Release|Any CPU.ActiveCfg = Release|Any CPU
		{E728F5F0-84D6-4A57-9A09-504D4ADF4636}.Release|Any CPU.Build.0 = Release|Any CPU
		{9D8DD347-4396-4ED2-8935-8EE71373F4D5}.Debug|Any CPU.ActiveCfg = Debug|Any CPU
		{9D8DD347-4396-4ED2-8935-8EE71373F4D5}.Debug|Any CPU.Build.0 = Debug|Any CPU
		{9D8DD347-4396-4ED2-8935-8EE71373F4D5}.Release|Any CPU.ActiveCfg = Release|Any CPU
		{9D8DD347-4396-4ED2-8935-8EE71373F4D5}.Release|Any CPU.Build.0 = Release|Any CPU
	EndGlobalSection
	GlobalSection(SolutionProperties) = preSolution
		HideSolutionNode = FALSE
	EndGlobalSection
	GlobalSection(MonoDevelopProperties) = preSolution
		StartupItem = LogstashForwarderAppender\LogstashForwarder.Log4Net.Appender.csproj
	EndGlobalSection
EndGlobal
